
Microsoft Visual Studio Solution File, Format Version 12.00
# Visual Studio Version 17
VisualStudioVersion = 17.1.32421.90
MinimumVisualStudioVersion = 10.0.40219.1
Project("{9A19103F-16F7-4668-BE54-9A1E7A4F7556}") = "IdentityServer", "IdentityServer\IdentityServer.csproj", "{F9E51AA0-EAB9-42A2-89C0-9313E3AFFF5D}"
EndProject
Project("{9A19103F-16F7-4668-BE54-9A1E7A4F7556}") = "Api", "Api\Api.csproj", "{57856E0C-C3BA-4F3A-A5BF-FF74925AFE93}"
EndProject
Project("{9A19103F-16F7-4668-BE54-9A1E7A4F7556}") = "ApiLibrary", "ApiLibrary\ApiLibrary.csproj", "{AA8C1D43-1884-42FB-9037-08BE75342777}"
EndProject
Project("{FAE04EC0-301F-11D3-BF4B-00C04F79EFBC}") = "Api2", "Api2\Api2.csproj", "{74F12A1E-93EB-4E0D-B815-7D8D60C17C1E}"
EndProject
Global
	GlobalSection(SolutionConfigurationPlatforms) = preSolution
		Debug|Any CPU = Debug|Any CPU
		Release|Any CPU = Release|Any CPU
	EndGlobalSection
	GlobalSection(ProjectConfigurationPlatforms) = postSolution
		{F9E51AA0-EAB9-42A2-89C0-9313E3AFFF5D}.Debug|Any CPU.ActiveCfg = Debug|Any CPU
		{F9E51AA0-EAB9-42A2-89C0-9313E3AFFF5D}.Debug|Any CPU.Build.0 = Debug|Any CPU
		{F9E51AA0-EAB9-42A2-89C0-9313E3AFFF5D}.Release|Any CPU.ActiveCfg = Release|Any CPU
		{F9E51AA0-EAB9-42A2-89C0-9313E3AFFF5D}.Release|Any CPU.Build.0 = Release|Any CPU
		{57856E0C-C3BA-4F3A-A5BF-FF74925AFE93}.Debug|Any CPU.ActiveCfg = Debug|Any CPU
		{57856E0C-C3BA-4F3A-A5BF-FF74925AFE93}.Debug|Any CPU.Build.0 = Debug|Any CPU
		{57856E0C-C3BA-4F3A-A5BF-FF74925AFE93}.Release|Any CPU.ActiveCfg = Release|Any CPU
		{57856E0C-C3BA-4F3A-A5BF-FF74925AFE93}.Release|Any CPU.Build.0 = Release|Any CPU
		{AA8C1D43-1884-42FB-9037-08BE75342777}.Debug|Any CPU.ActiveCfg = Debug|Any CPU
		{AA8C1D43-1884-42FB-9037-08BE75342777}.Debug|Any CPU.Build.0 = Debug|Any CPU
		{AA8C1D43-1884-42FB-9037-08BE75342777}.Release|Any CPU.ActiveCfg = Release|Any CPU
		{AA8C1D43-1884-42FB-9037-08BE75342777}.Release|Any CPU.Build.0 = Release|Any CPU
		{74F12A1E-93EB-4E0D-B815-7D8D60C17C1E}.Debug|Any CPU.ActiveCfg = Debug|Any CPU
		{74F12A1E-93EB-4E0D-B815-7D8D60C17C1E}.Debug|Any CPU.Build.0 = Debug|Any CPU
		{74F12A1E-93EB-4E0D-B815-7D8D60C17C1E}.Release|Any CPU.ActiveCfg = Release|Any CPU
		{74F12A1E-93EB-4E0D-B815-7D8D60C17C1E}.Release|Any CPU.Build.0 = Release|Any CPU
	EndGlobalSection
	GlobalSection(SolutionProperties) = preSolution
		HideSolutionNode = FALSE
	EndGlobalSection
	GlobalSection(ExtensibilityGlobals) = postSolution
		SolutionGuid = {F1F6E975-0565-4FB6-A6FC-D5FCC534D413}
	EndGlobalSection
EndGlobal
